
Microsoft Visual Studio Solution File, Format Version 12.00
# Visual Studio 15
VisualStudioVersion = 15.0.26430.12
MinimumVisualStudioVersion = 10.0.40219.1
Project("{2150E333-8FDC-42A3-9474-1A3956D46DE8}") = "03-Equations", "03-Equations", "{1067A8CE-F9A5-4F02-8269-C796B32EB008}"
EndProject
Project("{2150E333-8FDC-42A3-9474-1A3956D46DE8}") = "01-SimpleConsoleWorking", "01-SimpleConsoleWorking", "{E230E214-4D79-425C-BA3B-0ADAC49A6A67}"
EndProject
Project("{FAE04EC0-301F-11D3-BF4B-00C04F79EFBC}") = "0101-ConsoleWriting", "0101-ConsoleWriting\0101-ConsoleWriting.csproj", "{B23D4AC4-A025-4366-AC9A-CB07C7C16BBA}"
EndProject
Project("{FAE04EC0-301F-11D3-BF4B-00C04F79EFBC}") = "0102-ConsoleReading", "0102-ConsoleReading\0102-ConsoleReading.csproj", "{5FC9F4FA-3FAA-4C44-A5F2-A58C744CB62F}"
EndProject
Project("{FAE04EC0-301F-11D3-BF4B-00C04F79EFBC}") = "0103-WhatIsYourName", "0103-WhatIsYourName\0103-WhatIsYourName.csproj", "{E39EBB80-3E22-44BA-B06A-509548B79C58}"
EndProject
Project("{FAE04EC0-301F-11D3-BF4B-00C04F79EFBC}") = "0104-Question", "0104-Question\0104-Question.csproj", "{1E74D722-6218-4AF6-A630-A4A6EA25EB91}"
EndProject
Project("{FAE04EC0-301F-11D3-BF4B-00C04F79EFBC}") = "0105-Quiz", "0105-Quiz\0105-Quiz.csproj", "{2DF0A2F5-C90F-4838-B2C9-879BBF00DEFD}"
EndProject
Project("{2150E333-8FDC-42A3-9474-1A3956D46DE8}") = "02-MathOperations", "02-MathOperations", "{0FEA3EAD-0F90-4E1D-BA64-E158FB8DCCDA}"
EndProject
Project("{FAE04EC0-301F-11D3-BF4B-00C04F79EFBC}") = "0301-LinearEquation", "0301-LinearEquation\0301-LinearEquation.csproj", "{78027A9B-145D-4C7D-A84E-6CE3CA3ECF65}"
EndProject
Project("{FAE04EC0-301F-11D3-BF4B-00C04F79EFBC}") = "0302-QuadraticEquation", "0302-QuadraticEquation\0302-QuadraticEquation.csproj", "{6AFA6FC3-C63A-4E08-961D-3D64D919248B}"
EndProject
Project("{FAE04EC0-301F-11D3-BF4B-00C04F79EFBC}") = "0303-BiquadraticEquation", "0303-BiquadraticEquation\0303-BiquadraticEquation.csproj", "{B6C3C696-76C2-4639-9871-C5F51643E1D9}"
EndProject
Global
	GlobalSection(SolutionConfigurationPlatforms) = preSolution
		Debug|Any CPU = Debug|Any CPU
		Release|Any CPU = Release|Any CPU
	EndGlobalSection
	GlobalSection(ProjectConfigurationPlatforms) = postSolution
		{B23D4AC4-A025-4366-AC9A-CB07C7C16BBA}.Debug|Any CPU.ActiveCfg = Debug|Any CPU
		{B23D4AC4-A025-4366-AC9A-CB07C7C16BBA}.Debug|Any CPU.Build.0 = Debug|Any CPU
		{B23D4AC4-A025-4366-AC9A-CB07C7C16BBA}.Release|Any CPU.ActiveCfg = Release|Any CPU
		{B23D4AC4-A025-4366-AC9A-CB07C7C16BBA}.Release|Any CPU.Build.0 = Release|Any CPU
		{5FC9F4FA-3FAA-4C44-A5F2-A58C744CB62F}.Debug|Any CPU.ActiveCfg = Debug|Any CPU
		{5FC9F4FA-3FAA-4C44-A5F2-A58C744CB62F}.Debug|Any CPU.Build.0 = Debug|Any CPU
		{5FC9F4FA-3FAA-4C44-A5F2-A58C744CB62F}.Release|Any CPU.ActiveCfg = Release|Any CPU
		{5FC9F4FA-3FAA-4C44-A5F2-A58C744CB62F}.Release|Any CPU.Build.0 = Release|Any CPU
		{E39EBB80-3E22-44BA-B06A-509548B79C58}.Debug|Any CPU.ActiveCfg = Debug|Any CPU
		{E39EBB80-3E22-44BA-B06A-509548B79C58}.Debug|Any CPU.Build.0 = Debug|Any CPU
		{E39EBB80-3E22-44BA-B06A-509548B79C58}.Release|Any CPU.ActiveCfg = Release|Any CPU
		{E39EBB80-3E22-44BA-B06A-509548B79C58}.Release|Any CPU.Build.0 = Release|Any CPU
		{1E74D722-6218-4AF6-A630-A4A6EA25EB91}.Debug|Any CPU.ActiveCfg = Debug|Any CPU
		{1E74D722-6218-4AF6-A630-A4A6EA25EB91}.Debug|Any CPU.Build.0 = Debug|Any CPU
		{1E74D722-6218-4AF6-A630-A4A6EA25EB91}.Release|Any CPU.ActiveCfg = Release|Any CPU
		{1E74D722-6218-4AF6-A630-A4A6EA25EB91}.Release|Any CPU.Build.0 = Release|Any CPU
		{2DF0A2F5-C90F-4838-B2C9-879BBF00DEFD}.Debug|Any CPU.ActiveCfg = Debug|Any CPU
		{2DF0A2F5-C90F-4838-B2C9-879BBF00DEFD}.Debug|Any CPU.Build.0 = Debug|Any CPU
		{2DF0A2F5-C90F-4838-B2C9-879BBF00DEFD}.Release|Any CPU.ActiveCfg = Release|Any CPU
		{2DF0A2F5-C90F-4838-B2C9-879BBF00DEFD}.Release|Any CPU.Build.0 = Release|Any CPU
		{78027A9B-145D-4C7D-A84E-6CE3CA3ECF65}.Debug|Any CPU.ActiveCfg = Debug|Any CPU
		{78027A9B-145D-4C7D-A84E-6CE3CA3ECF65}.Debug|Any CPU.Build.0 = Debug|Any CPU
		{78027A9B-145D-4C7D-A84E-6CE3CA3ECF65}.Release|Any CPU.ActiveCfg = Release|Any CPU
		{78027A9B-145D-4C7D-A84E-6CE3CA3ECF65}.Release|Any CPU.Build.0 = Release|Any CPU
		{6AFA6FC3-C63A-4E08-961D-3D64D919248B}.Debug|Any CPU.ActiveCfg = Debug|Any CPU
		{6AFA6FC3-C63A-4E08-961D-3D64D919248B}.Debug|Any CPU.Build.0 = Debug|Any CPU
		{6AFA6FC3-C63A-4E08-961D-3D64D919248B}.Release|Any CPU.ActiveCfg = Release|Any CPU
		{6AFA6FC3-C63A-4E08-961D-3D64D919248B}.Release|Any CPU.Build.0 = Release|Any CPU
		{B6C3C696-76C2-4639-9871-C5F51643E1D9}.Debug|Any CPU.ActiveCfg = Debug|Any CPU
		{B6C3C696-76C2-4639-9871-C5F51643E1D9}.Debug|Any CPU.Build.0 = Debug|Any CPU
		{B6C3C696-76C2-4639-9871-C5F51643E1D9}.Release|Any CPU.ActiveCfg = Release|Any CPU
		{B6C3C696-76C2-4639-9871-C5F51643E1D9}.Release|Any CPU.Build.0 = Release|Any CPU
	EndGlobalSection
	GlobalSection(SolutionProperties) = preSolution
		HideSolutionNode = FALSE
	EndGlobalSection
	GlobalSection(NestedProjects) = preSolution
		{B23D4AC4-A025-4366-AC9A-CB07C7C16BBA} = {E230E214-4D79-425C-BA3B-0ADAC49A6A67}
		{5FC9F4FA-3FAA-4C44-A5F2-A58C744CB62F} = {E230E214-4D79-425C-BA3B-0ADAC49A6A67}
		{E39EBB80-3E22-44BA-B06A-509548B79C58} = {E230E214-4D79-425C-BA3B-0ADAC49A6A67}
		{1E74D722-6218-4AF6-A630-A4A6EA25EB91} = {E230E214-4D79-425C-BA3B-0ADAC49A6A67}
		{2DF0A2F5-C90F-4838-B2C9-879BBF00DEFD} = {E230E214-4D79-425C-BA3B-0ADAC49A6A67}
		{78027A9B-145D-4C7D-A84E-6CE3CA3ECF65} = {1067A8CE-F9A5-4F02-8269-C796B32EB008}
		{6AFA6FC3-C63A-4E08-961D-3D64D919248B} = {1067A8CE-F9A5-4F02-8269-C796B32EB008}
		{B6C3C696-76C2-4639-9871-C5F51643E1D9} = {1067A8CE-F9A5-4F02-8269-C796B32EB008}
	EndGlobalSection
EndGlobal
